
Microsoft Visual Studio Solution File, Format Version 12.00
# Visual Studio Version 17
VisualStudioVersion = 17.7.34031.279
MinimumVisualStudioVersion = 10.0.40219.1
Project("{FAE04EC0-301F-11D3-BF4B-00C04F79EFBC}") = "WebApp", "WebApp\WebApp.csproj", "{6A7B5F39-C9FF-495A-842A-0D0AE924A203}"
EndProject
Global
	GlobalSection(SolutionConfigurationPlatforms) = preSolution
		Debug|Any CPU = Debug|Any CPU
		Release|Any CPU = Release|Any CPU
	EndGlobalSection
	GlobalSection(ProjectConfigurationPlatforms) = postSolution
		{6A7B5F39-C9FF-495A-842A-0D0AE924A203}.Debug|Any CPU.ActiveCfg = Debug|Any CPU
		{6A7B5F39-C9FF-495A-842A-0D0AE924A203}.Debug|Any CPU.Build.0 = Debug|Any CPU
		{6A7B5F39-C9FF-495A-842A-0D0AE924A203}.Release|Any CPU.ActiveCfg = Release|Any CPU
		{6A7B5F39-C9FF-495A-842A-0D0AE924A203}.Release|Any CPU.Build.0 = Release|Any CPU
	EndGlobalSection
	GlobalSection(SolutionProperties) = preSolution
		HideSolutionNode = FALSE
	EndGlobalSection
	GlobalSection(ExtensibilityGlobals) = postSolution
		SolutionGuid = {4628AAFA-4AD1-4E8A-836B-4BC14BE9EE92}
	EndGlobalSection
EndGlobal
